
Microsoft Visual Studio Solution File, Format Version 12.00
# Visual Studio Version 16
VisualStudioVersion = 16.0.30002.166
MinimumVisualStudioVersion = 10.0.40219.1
Project("{888888A0-9F3D-457C-B088-3A5042F75D52}") = "report_parser_asic", "report_parser_asic.pyproj", "{C0D99D9D-D052-4BFE-97C0-87F78353DB10}"
EndProject
Global
	GlobalSection(SolutionConfigurationPlatforms) = preSolution
		Debug|Any CPU = Debug|Any CPU
		Release|Any CPU = Release|Any CPU
	EndGlobalSection
	GlobalSection(ProjectConfigurationPlatforms) = postSolution
		{C0D99D9D-D052-4BFE-97C0-87F78353DB10}.Debug|Any CPU.ActiveCfg = Debug|Any CPU
		{C0D99D9D-D052-4BFE-97C0-87F78353DB10}.Release|Any CPU.ActiveCfg = Release|Any CPU
	EndGlobalSection
	GlobalSection(SolutionProperties) = preSolution
		HideSolutionNode = FALSE
	EndGlobalSection
	GlobalSection(ExtensibilityGlobals) = postSolution
		SolutionGuid = {3BCEBCC0-0165-4E0B-8A9F-6EBC74DA75A0}
	EndGlobalSection
EndGlobal
